
Microsoft Visual Studio Solution File, Format Version 12.00
# Visual Studio Version 16
VisualStudioVersion = 16.0.29911.84
MinimumVisualStudioVersion = 10.0.40219.1
Project("{9A19103F-16F7-4668-BE54-9A1E7A4F7556}") = "XtraUpload.Domain", "XtraUpload.Domain\XtraUpload.Domain.csproj", "{9ACD48AE-C308-44C9-9105-89BB7D29D787}"
EndProject
Project("{2150E333-8FDC-42A3-9474-1A3956D46DE8}") = "Services", "Services", "{09655B89-9208-47C5-9167-DAC154BB94C3}"
EndProject
Project("{2150E333-8FDC-42A3-9474-1A3956D46DE8}") = "Database", "Database", "{3726D6EF-D89F-4AEA-A678-CFBC89890180}"
EndProject
Project("{9A19103F-16F7-4668-BE54-9A1E7A4F7556}") = "XtraUpload.Database.Data", "Database\XtraUpload.Database.Data\XtraUpload.Database.Data.csproj", "{1EBE09EC-D98A-416F-84ED-F73ED8B36D9B}"
EndProject
Project("{9A19103F-16F7-4668-BE54-9A1E7A4F7556}") = "XtraUpload.Database.Migrations", "Database\XtraUpload.Database.Migrations\XtraUpload.Database.Migrations.csproj", "{F968D612-4738-4539-8922-730DA911D1FB}"
EndProject
Project("{9A19103F-16F7-4668-BE54-9A1E7A4F7556}") = "XtraUpload.Database.Data.Common", "Database\XtraUpload.Database.Data.Common\XtraUpload.Database.Data.Common.csproj", "{CC361EAF-6F55-4A34-9731-AFFAA4EFE58B}"
EndProject
Project("{2150E333-8FDC-42A3-9474-1A3956D46DE8}") = "Administration", "Administration", "{29006F95-A24E-4946-913A-72375029795E}"
EndProject
Project("{9A19103F-16F7-4668-BE54-9A1E7A4F7556}") = "XtraUpload.Administration.Service", "Services\Administration\XtraUpload.Administration.Service\XtraUpload.Administration.Service.csproj", "{7D3024C4-5F5F-4190-B65D-28AE5487AA99}"
EndProject
Project("{9A19103F-16F7-4668-BE54-9A1E7A4F7556}") = "XtraUpload.Administration.Service.Common", "Services\Administration\XtraUpload.Administration.Service.Common\XtraUpload.Administration.Service.Common.csproj", "{86A0CAD8-E9D8-4511-9E41-0658257A10DD}"
EndProject
Project("{2150E333-8FDC-42A3-9474-1A3956D46DE8}") = "Authentication", "Authentication", "{A48BD293-C779-4425-89DC-E506A1207C3C}"
EndProject
Project("{9A19103F-16F7-4668-BE54-9A1E7A4F7556}") = "XtraUpload.Authentication.Service.Common", "Services\Authentication\XtraUpload.Authentication.Service.Common\XtraUpload.Authentication.Service.Common.csproj", "{C1AF9FB8-9495-47C0-8EA5-D0BA33005440}"
EndProject
Project("{9A19103F-16F7-4668-BE54-9A1E7A4F7556}") = "XtraUpload.Authentication.Service", "Services\Authentication\XtraUpload.Authentication.Service\XtraUpload.Authentication.Service.csproj", "{B617D65F-5835-44B9-9C14-B97A6EFB5678}"
EndProject
Project("{2150E333-8FDC-42A3-9474-1A3956D46DE8}") = "Email", "Email", "{12029614-9E99-4399-806A-139F068384E0}"
EndProject
Project("{9A19103F-16F7-4668-BE54-9A1E7A4F7556}") = "XtraUpload.Email.Service", "Services\Email\XtraUpload.Email.Service\XtraUpload.Email.Service.csproj", "{C9EC8A95-8398-4DE7-AFB1-7E23FA7840B4}"
EndProject
Project("{9A19103F-16F7-4668-BE54-9A1E7A4F7556}") = "XtraUpload.Email.Service.Common", "Services\Email\XtraUpload.Email.Service.Common\XtraUpload.Email.Service.Common.csproj", "{63B1E31A-BB07-45FE-860B-C2C11298904C}"
EndProject
Project("{2150E333-8FDC-42A3-9474-1A3956D46DE8}") = "FileManager", "FileManager", "{96AED244-388B-44C7-9016-701E9B4F5F4B}"
EndProject
Project("{9A19103F-16F7-4668-BE54-9A1E7A4F7556}") = "XtraUpload.FileManager.Service", "Services\FileManager\XtraUpload.FileManager.Service\XtraUpload.FileManager.Service.csproj", "{F8C72E8A-48ED-44F6-9671-5A6835592D80}"
EndProject
Project("{9A19103F-16F7-4668-BE54-9A1E7A4F7556}") = "XtraUpload.FileManager.Service.Common", "Services\FileManager\XtraUpload.FileManager.Service.Common\XtraUpload.FileManager.Service.Common.csproj", "{D40D555E-D4FA-4967-AEE7-598403682676}"
EndProject
Project("{2150E333-8FDC-42A3-9474-1A3956D46DE8}") = "Setting", "Setting", "{7CA6F3EE-4398-4AFD-960D-475600CB1ECB}"
EndProject
Project("{9A19103F-16F7-4668-BE54-9A1E7A4F7556}") = "XtraUpload.Setting.Service", "Services\Setting\XtraUpload.Setting.Service\XtraUpload.Setting.Service.csproj", "{6BF2168C-BFCA-41F0-9D50-23C4E68CE88B}"
EndProject
Project("{9A19103F-16F7-4668-BE54-9A1E7A4F7556}") = "XtraUpload.Setting.Service.Common", "Services\Setting\XtraUpload.Setting.Service.Common\XtraUpload.Setting.Service.Common.csproj", "{F93C0F1D-ECB5-4ADB-9EB2-14C50ECAC456}"
EndProject
Project("{9A19103F-16F7-4668-BE54-9A1E7A4F7556}") = "XtraUpload.Authentication.Host", "Services\Authentication\XtraUpload.Authentication.Host\XtraUpload.Authentication.Host.csproj", "{B6F4FD87-CE76-4C2F-9211-E06D13D63910}"
EndProject
Project("{9A19103F-16F7-4668-BE54-9A1E7A4F7556}") = "XtraUpload.FileManager.Host", "Services\FileManager\XtraUpload.FileManager.Host\XtraUpload.FileManager.Host.csproj", "{EF86A6B7-5E9D-42E4-88B3-3E7657D08E8F}"
EndProject
Project("{9A19103F-16F7-4668-BE54-9A1E7A4F7556}") = "XtraUpload.Email.Host", "Services\Email\XtraUpload.Email.Host\XtraUpload.Email.Host.csproj", "{DE782035-27E7-4736-9172-9316D1CB844E}"
EndProject
Project("{9A19103F-16F7-4668-BE54-9A1E7A4F7556}") = "XtraUpload.Administration.Host", "Services\Administration\XtraUpload.Administration.Host\XtraUpload.Administration.Host.csproj", "{516D4CD0-87EB-48B3-A286-759FA99F0FF3}"
EndProject
Project("{9A19103F-16F7-4668-BE54-9A1E7A4F7556}") = "XtraUpload.Setting.Host", "Services\Setting\XtraUpload.Setting.Host\XtraUpload.Setting.Host.csproj", "{EEF62A8E-04F1-4532-9EEE-73EB17F81780}"
EndProject
Project("{9A19103F-16F7-4668-BE54-9A1E7A4F7556}") = "XtraUpload.Database.Host", "Database\XtraUpload.Database.Host\XtraUpload.Database.Host.csproj", "{A4A03FFE-78EA-401D-9EC9-F3408377CCF3}"
EndProject
Project("{9A19103F-16F7-4668-BE54-9A1E7A4F7556}") = "XtraUpload.StorageServer", "XtraUpload.StorageServer\XtraUpload.StorageServer.csproj", "{EDEFD49E-2C64-4033-BA6D-80657B22E35C}"
EndProject
Project("{2150E333-8FDC-42A3-9474-1A3956D46DE8}") = "StorageManager", "StorageManager", "{67A4B21F-3D72-4224-AC01-80CD4F60AB3E}"
EndProject
Project("{9A19103F-16F7-4668-BE54-9A1E7A4F7556}") = "XtraUpload.StorageManager.Host", "Services\StorageManager\XtraUpload.StorageManager.Host\XtraUpload.StorageManager.Host.csproj", "{E4E3C71C-E30A-446B-8649-2012457A9761}"
EndProject
Project("{9A19103F-16F7-4668-BE54-9A1E7A4F7556}") = "XtraUpload.StorageManager.Common", "Services\StorageManager\XtraUpload.StorageManager.Common\XtraUpload.StorageManager.Common.csproj", "{FE5732FC-8C36-4E5A-94E2-644E57267E62}"
EndProject
Project("{9A19103F-16F7-4668-BE54-9A1E7A4F7556}") = "XtraUpload.StorageManager.Service", "Services\StorageManager\XtraUpload.StorageManager.Service\XtraUpload.StorageManager.Service.csproj", "{D57BC465-E1EE-4B1C-94B7-DF3FD49FC71E}"
EndProject
Project("{9A19103F-16F7-4668-BE54-9A1E7A4F7556}") = "XtraUpload.ClientApp", "XtraUpload.ClientApp\XtraUpload.ClientApp.csproj", "{EB7115DF-1018-4DFD-9CCF-BD6A191F1033}"
EndProject
Project("{2150E333-8FDC-42A3-9474-1A3956D46DE8}") = "GrpcServices", "GrpcServices", "{411B2C01-6922-417E-A7D0-B10409E947AC}"
EndProject
Project("{9A19103F-16F7-4668-BE54-9A1E7A4F7556}") = "XtraUpload.GrpcServices", "Services\GrpcServices\XtraUpload.GrpcServices\XtraUpload.GrpcServices.csproj", "{EFACF315-45F4-40C1-9934-F62D388D8360}"
EndProject
Project("{2150E333-8FDC-42A3-9474-1A3956D46DE8}") = "Protos", "Protos", "{42E34075-8898-4753-BDC5-B89597654437}"
	ProjectSection(SolutionItems) = preProject
		Services\GrpcServices\Protos\filestorage.proto = Services\GrpcServices\Protos\filestorage.proto
	EndProjectSection
EndProject
Project("{2150E333-8FDC-42A3-9474-1A3956D46DE8}") = "domain", "domain", "{D4BC1E9B-2E0E-4CD7-A596-00E95B4F14DB}"
	ProjectSection(SolutionItems) = preProject
		Services\GrpcServices\Protos\domain\gFileItem.proto = Services\GrpcServices\Protos\domain\gFileItem.proto
		Services\GrpcServices\Protos\domain\gRequestStatus.proto = Services\GrpcServices\Protos\domain\gRequestStatus.proto
	EndProjectSection
EndProject
Project("{9A19103F-16F7-4668-BE54-9A1E7A4F7556}") = "XtraUpload.WebApi", "XtraUpload.WebApi\XtraUpload.WebApi.csproj", "{A39B47B3-D218-4C61-92BF-ABE399C76B56}"
EndProject
Global
	GlobalSection(SolutionConfigurationPlatforms) = preSolution
		Debug|Any CPU = Debug|Any CPU
		Release|Any CPU = Release|Any CPU
	EndGlobalSection
	GlobalSection(ProjectConfigurationPlatforms) = postSolution
		{9ACD48AE-C308-44C9-9105-89BB7D29D787}.Debug|Any CPU.ActiveCfg = Debug|Any CPU
		{9ACD48AE-C308-44C9-9105-89BB7D29D787}.Debug|Any CPU.Build.0 = Debug|Any CPU
		{9ACD48AE-C308-44C9-9105-89BB7D29D787}.Release|Any CPU.ActiveCfg = Release|Any CPU
		{9ACD48AE-C308-44C9-9105-89BB7D29D787}.Release|Any CPU.Build.0 = Release|Any CPU
		{1EBE09EC-D98A-416F-84ED-F73ED8B36D9B}.Debug|Any CPU.ActiveCfg = Debug|Any CPU
		{1EBE09EC-D98A-416F-84ED-F73ED8B36D9B}.Debug|Any CPU.Build.0 = Debug|Any CPU
		{1EBE09EC-D98A-416F-84ED-F73ED8B36D9B}.Release|Any CPU.ActiveCfg = Release|Any CPU
		{1EBE09EC-D98A-416F-84ED-F73ED8B36D9B}.Release|Any CPU.Build.0 = Release|Any CPU
		{F968D612-4738-4539-8922-730DA911D1FB}.Debug|Any CPU.ActiveCfg = Debug|Any CPU
		{F968D612-4738-4539-8922-730DA911D1FB}.Debug|Any CPU.Build.0 = Debug|Any CPU
		{F968D612-4738-4539-8922-730DA911D1FB}.Release|Any CPU.ActiveCfg = Release|Any CPU
		{F968D612-4738-4539-8922-730DA911D1FB}.Release|Any CPU.Build.0 = Release|Any CPU
		{CC361EAF-6F55-4A34-9731-AFFAA4EFE58B}.Debug|Any CPU.ActiveCfg = Debug|Any CPU
		{CC361EAF-6F55-4A34-9731-AFFAA4EFE58B}.Debug|Any CPU.Build.0 = Debug|Any CPU
		{CC361EAF-6F55-4A34-9731-AFFAA4EFE58B}.Release|Any CPU.ActiveCfg = Release|Any CPU
		{CC361EAF-6F55-4A34-9731-AFFAA4EFE58B}.Release|Any CPU.Build.0 = Release|Any CPU
		{7D3024C4-5F5F-4190-B65D-28AE5487AA99}.Debug|Any CPU.ActiveCfg = Debug|Any CPU
		{7D3024C4-5F5F-4190-B65D-28AE5487AA99}.Debug|Any CPU.Build.0 = Debug|Any CPU
		{7D3024C4-5F5F-4190-B65D-28AE5487AA99}.Release|Any CPU.ActiveCfg = Release|Any CPU
		{7D3024C4-5F5F-4190-B65D-28AE5487AA99}.Release|Any CPU.Build.0 = Release|Any CPU
		{86A0CAD8-E9D8-4511-9E41-0658257A10DD}.Debug|Any CPU.ActiveCfg = Debug|Any CPU
		{86A0CAD8-E9D8-4511-9E41-0658257A10DD}.Debug|Any CPU.Build.0 = Debug|Any CPU
		{86A0CAD8-E9D8-4511-9E41-0658257A10DD}.Release|Any CPU.ActiveCfg = Release|Any CPU
		{86A0CAD8-E9D8-4511-9E41-0658257A10DD}.Release|Any CPU.Build.0 = Release|Any CPU
		{C1AF9FB8-9495-47C0-8EA5-D0BA33005440}.Debug|Any CPU.ActiveCfg = Debug|Any CPU
		{C1AF9FB8-9495-47C0-8EA5-D0BA33005440}.Debug|Any CPU.Build.0 = Debug|Any CPU
		{C1AF9FB8-9495-47C0-8EA5-D0BA33005440}.Release|Any CPU.ActiveCfg = Release|Any CPU
		{C1AF9FB8-9495-47C0-8EA5-D0BA33005440}.Release|Any CPU.Build.0 = Release|Any CPU
		{B617D65F-5835-44B9-9C14-B97A6EFB5678}.Debug|Any CPU.ActiveCfg = Debug|Any CPU
		{B617D65F-5835-44B9-9C14-B97A6EFB5678}.Debug|Any CPU.Build.0 = Debug|Any CPU
		{B617D65F-5835-44B9-9C14-B97A6EFB5678}.Release|Any CPU.ActiveCfg = Release|Any CPU
		{B617D65F-5835-44B9-9C14-B97A6EFB5678}.Release|Any CPU.Build.0 = Release|Any CPU
		{C9EC8A95-8398-4DE7-AFB1-7E23FA7840B4}.Debug|Any CPU.ActiveCfg = Debug|Any CPU
		{C9EC8A95-8398-4DE7-AFB1-7E23FA7840B4}.Debug|Any CPU.Build.0 = Debug|Any CPU
		{C9EC8A95-8398-4DE7-AFB1-7E23FA7840B4}.Release|Any CPU.ActiveCfg = Release|Any CPU
		{C9EC8A95-8398-4DE7-AFB1-7E23FA7840B4}.Release|Any CPU.Build.0 = Release|Any CPU
		{63B1E31A-BB07-45FE-860B-C2C11298904C}.Debug|Any CPU.ActiveCfg = Debug|Any CPU
		{63B1E31A-BB07-45FE-860B-C2C11298904C}.Debug|Any CPU.Build.0 = Debug|Any CPU
		{63B1E31A-BB07-45FE-860B-C2C11298904C}.Release|Any CPU.ActiveCfg = Release|Any CPU
		{63B1E31A-BB07-45FE-860B-C2C11298904C}.Release|Any CPU.Build.0 = Release|Any CPU
		{F8C72E8A-48ED-44F6-9671-5A6835592D80}.Debug|Any CPU.ActiveCfg = Debug|Any CPU
		{F8C72E8A-48ED-44F6-9671-5A6835592D80}.Debug|Any CPU.Build.0 = Debug|Any CPU
		{F8C72E8A-48ED-44F6-9671-5A6835592D80}.Release|Any CPU.ActiveCfg = Release|Any CPU
		{F8C72E8A-48ED-44F6-9671-5A6835592D80}.Release|Any CPU.Build.0 = Release|Any CPU
		{D40D555E-D4FA-4967-AEE7-598403682676}.Debug|Any CPU.ActiveCfg = Debug|Any CPU
		{D40D555E-D4FA-4967-AEE7-598403682676}.Debug|Any CPU.Build.0 = Debug|Any CPU
		{D40D555E-D4FA-4967-AEE7-598403682676}.Release|Any CPU.ActiveCfg = Release|Any CPU
		{D40D555E-D4FA-4967-AEE7-598403682676}.Release|Any CPU.Build.0 = Release|Any CPU
		{6BF2168C-BFCA-41F0-9D50-23C4E68CE88B}.Debug|Any CPU.ActiveCfg = Debug|Any CPU
		{6BF2168C-BFCA-41F0-9D50-23C4E68CE88B}.Debug|Any CPU.Build.0 = Debug|Any CPU
		{6BF2168C-BFCA-41F0-9D50-23C4E68CE88B}.Release|Any CPU.ActiveCfg = Release|Any CPU
		{6BF2168C-BFCA-41F0-9D50-23C4E68CE88B}.Release|Any CPU.Build.0 = Release|Any CPU
		{F93C0F1D-ECB5-4ADB-9EB2-14C50ECAC456}.Debug|Any CPU.ActiveCfg = Debug|Any CPU
		{F93C0F1D-ECB5-4ADB-9EB2-14C50ECAC456}.Debug|Any CPU.Build.0 = Debug|Any CPU
		{F93C0F1D-ECB5-4ADB-9EB2-14C50ECAC456}.Release|Any CPU.ActiveCfg = Release|Any CPU
		{F93C0F1D-ECB5-4ADB-9EB2-14C50ECAC456}.Release|Any CPU.Build.0 = Release|Any CPU
		{B6F4FD87-CE76-4C2F-9211-E06D13D63910}.Debug|Any CPU.ActiveCfg = Debug|Any CPU
		{B6F4FD87-CE76-4C2F-9211-E06D13D63910}.Debug|Any CPU.Build.0 = Debug|Any CPU
		{B6F4FD87-CE76-4C2F-9211-E06D13D63910}.Release|Any CPU.ActiveCfg = Release|Any CPU
		{B6F4FD87-CE76-4C2F-9211-E06D13D63910}.Release|Any CPU.Build.0 = Release|Any CPU
		{EF86A6B7-5E9D-42E4-88B3-3E7657D08E8F}.Debug|Any CPU.ActiveCfg = Debug|Any CPU
		{EF86A6B7-5E9D-42E4-88B3-3E7657D08E8F}.Debug|Any CPU.Build.0 = Debug|Any CPU
		{EF86A6B7-5E9D-42E4-88B3-3E7657D08E8F}.Release|Any CPU.ActiveCfg = Release|Any CPU
		{EF86A6B7-5E9D-42E4-88B3-3E7657D08E8F}.Release|Any CPU.Build.0 = Release|Any CPU
		{DE782035-27E7-4736-9172-9316D1CB844E}.Debug|Any CPU.ActiveCfg = Debug|Any CPU
		{DE782035-27E7-4736-9172-9316D1CB844E}.Debug|Any CPU.Build.0 = Debug|Any CPU
		{DE782035-27E7-4736-9172-9316D1CB844E}.Release|Any CPU.ActiveCfg = Release|Any CPU
		{DE782035-27E7-4736-9172-9316D1CB844E}.Release|Any CPU.Build.0 = Release|Any CPU
		{516D4CD0-87EB-48B3-A286-759FA99F0FF3}.Debug|Any CPU.ActiveCfg = Debug|Any CPU
		{516D4CD0-87EB-48B3-A286-759FA99F0FF3}.Debug|Any CPU.Build.0 = Debug|Any CPU
		{516D4CD0-87EB-48B3-A286-759FA99F0FF3}.Release|Any CPU.ActiveCfg = Release|Any CPU
		{516D4CD0-87EB-48B3-A286-759FA99F0FF3}.Release|Any CPU.Build.0 = Release|Any CPU
		{EEF62A8E-04F1-4532-9EEE-73EB17F81780}.Debug|Any CPU.ActiveCfg = Debug|Any CPU
		{EEF62A8E-04F1-4532-9EEE-73EB17F81780}.Debug|Any CPU.Build.0 = Debug|Any CPU
		{EEF62A8E-04F1-4532-9EEE-73EB17F81780}.Release|Any CPU.ActiveCfg = Release|Any CPU
		{EEF62A8E-04F1-4532-9EEE-73EB17F81780}.Release|Any CPU.Build.0 = Release|Any CPU
		{A4A03FFE-78EA-401D-9EC9-F3408377CCF3}.Debug|Any CPU.ActiveCfg = Debug|Any CPU
		{A4A03FFE-78EA-401D-9EC9-F3408377CCF3}.Debug|Any CPU.Build.0 = Debug|Any CPU
		{A4A03FFE-78EA-401D-9EC9-F3408377CCF3}.Release|Any CPU.ActiveCfg = Release|Any CPU
		{A4A03FFE-78EA-401D-9EC9-F3408377CCF3}.Release|Any CPU.Build.0 = Release|Any CPU
		{EDEFD49E-2C64-4033-BA6D-80657B22E35C}.Debug|Any CPU.ActiveCfg = Debug|Any CPU
		{EDEFD49E-2C64-4033-BA6D-80657B22E35C}.Debug|Any CPU.Build.0 = Debug|Any CPU
		{EDEFD49E-2C64-4033-BA6D-80657B22E35C}.Release|Any CPU.ActiveCfg = Release|Any CPU
		{EDEFD49E-2C64-4033-BA6D-80657B22E35C}.Release|Any CPU.Build.0 = Release|Any CPU
		{E4E3C71C-E30A-446B-8649-2012457A9761}.Debug|Any CPU.ActiveCfg = Debug|Any CPU
		{E4E3C71C-E30A-446B-8649-2012457A9761}.Debug|Any CPU.Build.0 = Debug|Any CPU
		{E4E3C71C-E30A-446B-8649-2012457A9761}.Release|Any CPU.ActiveCfg = Release|Any CPU
		{E4E3C71C-E30A-446B-8649-2012457A9761}.Release|Any CPU.Build.0 = Release|Any CPU
		{FE5732FC-8C36-4E5A-94E2-644E57267E62}.Debug|Any CPU.ActiveCfg = Debug|Any CPU
		{FE5732FC-8C36-4E5A-94E2-644E57267E62}.Debug|Any CPU.Build.0 = Debug|Any CPU
		{FE5732FC-8C36-4E5A-94E2-644E57267E62}.Release|Any CPU.ActiveCfg = Release|Any CPU
		{FE5732FC-8C36-4E5A-94E2-644E57267E62}.Release|Any CPU.Build.0 = Release|Any CPU
		{D57BC465-E1EE-4B1C-94B7-DF3FD49FC71E}.Debug|Any CPU.ActiveCfg = Debug|Any CPU
		{D57BC465-E1EE-4B1C-94B7-DF3FD49FC71E}.Debug|Any CPU.Build.0 = Debug|Any CPU
		{D57BC465-E1EE-4B1C-94B7-DF3FD49FC71E}.Release|Any CPU.ActiveCfg = Release|Any CPU
		{D57BC465-E1EE-4B1C-94B7-DF3FD49FC71E}.Release|Any CPU.Build.0 = Release|Any CPU
		{EB7115DF-1018-4DFD-9CCF-BD6A191F1033}.Debug|Any CPU.ActiveCfg = Debug|Any CPU
		{EB7115DF-1018-4DFD-9CCF-BD6A191F1033}.Debug|Any CPU.Build.0 = Debug|Any CPU
		{EB7115DF-1018-4DFD-9CCF-BD6A191F1033}.Release|Any CPU.ActiveCfg = Release|Any CPU
		{EB7115DF-1018-4DFD-9CCF-BD6A191F1033}.Release|Any CPU.Build.0 = Release|Any CPU
		{EFACF315-45F4-40C1-9934-F62D388D8360}.Debug|Any CPU.ActiveCfg = Debug|Any CPU
		{EFACF315-45F4-40C1-9934-F62D388D8360}.Debug|Any CPU.Build.0 = Debug|Any CPU
		{EFACF315-45F4-40C1-9934-F62D388D8360}.Release|Any CPU.ActiveCfg = Release|Any CPU
		{EFACF315-45F4-40C1-9934-F62D388D8360}.Release|Any CPU.Build.0 = Release|Any CPU
		{A39B47B3-D218-4C61-92BF-ABE399C76B56}.Debug|Any CPU.ActiveCfg = Debug|Any CPU
		{A39B47B3-D218-4C61-92BF-ABE399C76B56}.Debug|Any CPU.Build.0 = Debug|Any CPU
		{A39B47B3-D218-4C61-92BF-ABE399C76B56}.Release|Any CPU.ActiveCfg = Release|Any CPU
		{A39B47B3-D218-4C61-92BF-ABE399C76B56}.Release|Any CPU.Build.0 = Release|Any CPU
	EndGlobalSection
	GlobalSection(SolutionProperties) = preSolution
		HideSolutionNode = FALSE
	EndGlobalSection
	GlobalSection(NestedProjects) = preSolution
		{1EBE09EC-D98A-416F-84ED-F73ED8B36D9B} = {3726D6EF-D89F-4AEA-A678-CFBC89890180}
		{F968D612-4738-4539-8922-730DA911D1FB} = {3726D6EF-D89F-4AEA-A678-CFBC89890180}
		{CC361EAF-6F55-4A34-9731-AFFAA4EFE58B} = {3726D6EF-D89F-4AEA-A678-CFBC89890180}
		{29006F95-A24E-4946-913A-72375029795E} = {09655B89-9208-47C5-9167-DAC154BB94C3}
		{7D3024C4-5F5F-4190-B65D-28AE5487AA99} = {29006F95-A24E-4946-913A-72375029795E}
		{86A0CAD8-E9D8-4511-9E41-0658257A10DD} = {29006F95-A24E-4946-913A-72375029795E}
		{A48BD293-C779-4425-89DC-E506A1207C3C} = {09655B89-9208-47C5-9167-DAC154BB94C3}
		{C1AF9FB8-9495-47C0-8EA5-D0BA33005440} = {A48BD293-C779-4425-89DC-E506A1207C3C}
		{B617D65F-5835-44B9-9C14-B97A6EFB5678} = {A48BD293-C779-4425-89DC-E506A1207C3C}
		{12029614-9E99-4399-806A-139F068384E0} = {09655B89-9208-47C5-9167-DAC154BB94C3}
		{C9EC8A95-8398-4DE7-AFB1-7E23FA7840B4} = {12029614-9E99-4399-806A-139F068384E0}
		{63B1E31A-BB07-45FE-860B-C2C11298904C} = {12029614-9E99-4399-806A-139F068384E0}
		{96AED244-388B-44C7-9016-701E9B4F5F4B} = {09655B89-9208-47C5-9167-DAC154BB94C3}
		{F8C72E8A-48ED-44F6-9671-5A6835592D80} = {96AED244-388B-44C7-9016-701E9B4F5F4B}
		{D40D555E-D4FA-4967-AEE7-598403682676} = {96AED244-388B-44C7-9016-701E9B4F5F4B}
		{7CA6F3EE-4398-4AFD-960D-475600CB1ECB} = {09655B89-9208-47C5-9167-DAC154BB94C3}
		{6BF2168C-BFCA-41F0-9D50-23C4E68CE88B} = {7CA6F3EE-4398-4AFD-960D-475600CB1ECB}
		{F93C0F1D-ECB5-4ADB-9EB2-14C50ECAC456} = {7CA6F3EE-4398-4AFD-960D-475600CB1ECB}
		{B6F4FD87-CE76-4C2F-9211-E06D13D63910} = {A48BD293-C779-4425-89DC-E506A1207C3C}
		{EF86A6B7-5E9D-42E4-88B3-3E7657D08E8F} = {96AED244-388B-44C7-9016-701E9B4F5F4B}
		{DE782035-27E7-4736-9172-9316D1CB844E} = {12029614-9E99-4399-806A-139F068384E0}
		{516D4CD0-87EB-48B3-A286-759FA99F0FF3} = {29006F95-A24E-4946-913A-72375029795E}
		{EEF62A8E-04F1-4532-9EEE-73EB17F81780} = {7CA6F3EE-4398-4AFD-960D-475600CB1ECB}
		{A4A03FFE-78EA-401D-9EC9-F3408377CCF3} = {3726D6EF-D89F-4AEA-A678-CFBC89890180}
		{67A4B21F-3D72-4224-AC01-80CD4F60AB3E} = {09655B89-9208-47C5-9167-DAC154BB94C3}
		{E4E3C71C-E30A-446B-8649-2012457A9761} = {67A4B21F-3D72-4224-AC01-80CD4F60AB3E}
		{FE5732FC-8C36-4E5A-94E2-644E57267E62} = {67A4B21F-3D72-4224-AC01-80CD4F60AB3E}
		{D57BC465-E1EE-4B1C-94B7-DF3FD49FC71E} = {67A4B21F-3D72-4224-AC01-80CD4F60AB3E}
		{411B2C01-6922-417E-A7D0-B10409E947AC} = {09655B89-9208-47C5-9167-DAC154BB94C3}
		{EFACF315-45F4-40C1-9934-F62D388D8360} = {411B2C01-6922-417E-A7D0-B10409E947AC}
		{42E34075-8898-4753-BDC5-B89597654437} = {411B2C01-6922-417E-A7D0-B10409E947AC}
		{D4BC1E9B-2E0E-4CD7-A596-00E95B4F14DB} = {42E34075-8898-4753-BDC5-B89597654437}
	EndGlobalSection
	GlobalSection(ExtensibilityGlobals) = postSolution
		SolutionGuid = {C2D11451-0DF7-4384-9CB9-F8C1B4777FCF}
	EndGlobalSection
EndGlobal
